
Microsoft Visual Studio Solution File, Format Version 12.00
Project("{FAE04EC0-301F-11D3-BF4B-00C04F79EFBC}") = "PJson", "PJson\PJson.csproj", "{93C3648A-E833-4D70-8AE8-61B770542641}"
EndProject
Project("{FAE04EC0-301F-11D3-BF4B-00C04F79EFBC}") = "pjc", "pjc\pjc.csproj", "{A6CC5442-36BA-4686-943C-5820B549D5AE}"
EndProject
Project("{FAE04EC0-301F-11D3-BF4B-00C04F79EFBC}") = "PJson.Tests", "PJson.Tests\PJson.Tests.csproj", "{017AB2C2-D17B-41EF-AB12-E4184895A439}"
EndProject
Global
	GlobalSection(SolutionConfigurationPlatforms) = preSolution
		Debug|Any CPU = Debug|Any CPU
		Release|Any CPU = Release|Any CPU
	EndGlobalSection
	GlobalSection(ProjectConfigurationPlatforms) = postSolution
		{93C3648A-E833-4D70-8AE8-61B770542641}.Debug|Any CPU.ActiveCfg = Debug|Any CPU
		{93C3648A-E833-4D70-8AE8-61B770542641}.Debug|Any CPU.Build.0 = Debug|Any CPU
		{93C3648A-E833-4D70-8AE8-61B770542641}.Release|Any CPU.ActiveCfg = Release|Any CPU
		{93C3648A-E833-4D70-8AE8-61B770542641}.Release|Any CPU.Build.0 = Release|Any CPU
		{A6CC5442-36BA-4686-943C-5820B549D5AE}.Debug|Any CPU.ActiveCfg = Debug|Any CPU
		{A6CC5442-36BA-4686-943C-5820B549D5AE}.Debug|Any CPU.Build.0 = Debug|Any CPU
		{A6CC5442-36BA-4686-943C-5820B549D5AE}.Release|Any CPU.ActiveCfg = Release|Any CPU
		{A6CC5442-36BA-4686-943C-5820B549D5AE}.Release|Any CPU.Build.0 = Release|Any CPU
		{017AB2C2-D17B-41EF-AB12-E4184895A439}.Debug|Any CPU.ActiveCfg = Debug|Any CPU
		{017AB2C2-D17B-41EF-AB12-E4184895A439}.Debug|Any CPU.Build.0 = Debug|Any CPU
		{017AB2C2-D17B-41EF-AB12-E4184895A439}.Release|Any CPU.ActiveCfg = Release|Any CPU
		{017AB2C2-D17B-41EF-AB12-E4184895A439}.Release|Any CPU.Build.0 = Release|Any CPU
	EndGlobalSection
EndGlobal
